
Microsoft Visual Studio Solution File, Format Version 12.00
# Visual Studio 15
VisualStudioVersion = 15.0.28307.1738
MinimumVisualStudioVersion = 10.0.40219.1
Project("{FAE04EC0-301F-11D3-BF4B-00C04F79EFBC}") = "WindowsFormsApp1", "WindowsFormsApp1\WindowsFormsApp1.csproj", "{40CE2EF0-A56C-4DDD-B4C9-F5E55CC66B73}"
EndProject
Global
	GlobalSection(SolutionConfigurationPlatforms) = preSolution
		Debug|Any CPU = Debug|Any CPU
		Release|Any CPU = Release|Any CPU
	EndGlobalSection
	GlobalSection(ProjectConfigurationPlatforms) = postSolution
		{40CE2EF0-A56C-4DDD-B4C9-F5E55CC66B73}.Debug|Any CPU.ActiveCfg = Debug|Any CPU
		{40CE2EF0-A56C-4DDD-B4C9-F5E55CC66B73}.Debug|Any CPU.Build.0 = Debug|Any CPU
		{40CE2EF0-A56C-4DDD-B4C9-F5E55CC66B73}.Release|Any CPU.ActiveCfg = Release|Any CPU
		{40CE2EF0-A56C-4DDD-B4C9-F5E55CC66B73}.Release|Any CPU.Build.0 = Release|Any CPU
	EndGlobalSection
	GlobalSection(SolutionProperties) = preSolution
		HideSolutionNode = FALSE
	EndGlobalSection
	GlobalSection(ExtensibilityGlobals) = postSolution
		SolutionGuid = {0D0373E5-3EB6-4336-8EC2-31A9D4140F3F}
	EndGlobalSection
EndGlobal
